
Microsoft Visual Studio Solution File, Format Version 12.00
# Visual Studio 15
VisualStudioVersion = 15.0.28307.645
MinimumVisualStudioVersion = 10.0.40219.1
Project("{FAE04EC0-301F-11D3-BF4B-00C04F79EFBC}") = "project1", "project1\project1.csproj", "{69A2D8AF-2C6E-4C5F-8CEB-15758216BF3F}"
EndProject
Project("{2150E333-8FDC-42A3-9474-1A3956D46DE8}") = "Solution Items", "Solution Items", "{8A6B550B-8738-468A-A968-7A9B9A07FC06}"
	ProjectSection(SolutionItems) = preProject
		facebookLogo.png = facebookLogo.png
	EndProjectSection
EndProject
Global
	GlobalSection(SolutionConfigurationPlatforms) = preSolution
		Debug|Any CPU = Debug|Any CPU
		Release|Any CPU = Release|Any CPU
	EndGlobalSection
	GlobalSection(ProjectConfigurationPlatforms) = postSolution
		{69A2D8AF-2C6E-4C5F-8CEB-15758216BF3F}.Debug|Any CPU.ActiveCfg = Debug|Any CPU
		{69A2D8AF-2C6E-4C5F-8CEB-15758216BF3F}.Debug|Any CPU.Build.0 = Debug|Any CPU
		{69A2D8AF-2C6E-4C5F-8CEB-15758216BF3F}.Release|Any CPU.ActiveCfg = Release|Any CPU
		{69A2D8AF-2C6E-4C5F-8CEB-15758216BF3F}.Release|Any CPU.Build.0 = Release|Any CPU
	EndGlobalSection
	GlobalSection(SolutionProperties) = preSolution
		HideSolutionNode = FALSE
	EndGlobalSection
	GlobalSection(ExtensibilityGlobals) = postSolution
		SolutionGuid = {17BFA48F-9D6F-4989-8E8B-6932CC153FDC}
	EndGlobalSection
EndGlobal
